
Microsoft Visual Studio Solution File, Format Version 12.00
# Visual Studio Version 17
VisualStudioVersion = 17.11.35312.102
MinimumVisualStudioVersion = 10.0.40219.1
Project("{FAE04EC0-301F-11D3-BF4B-00C04F79EFBC}") = "BankingSystem.BusinessLayer", "BankingSystem.BusinessLayer.csproj", "{869521FF-7434-48E5-822C-1B2897526B09}"
EndProject
Project("{FAE04EC0-301F-11D3-BF4B-00C04F79EFBC}") = "BankingSystem.Entity", "..\BankingSystem.Entity\BankingSystem.Entity.csproj", "{6D87B5AB-D25F-4E3B-B9F3-AFCCAC4C778F}"
EndProject
Project("{FAE04EC0-301F-11D3-BF4B-00C04F79EFBC}") = "BankingSystem.UI", "..\BankingSystem.UI\BankingSystem.UI.csproj", "{D31456A2-1175-4BE0-B588-3E15DBAB4602}"
EndProject
Project("{FAE04EC0-301F-11D3-BF4B-00C04F79EFBC}") = "BankingSystem.Util", "..\BankingSystem.Util\BankingSystem.Util.csproj", "{40E5EB05-981E-4AB0-B609-AE54E6C0966B}"
EndProject
Project("{FAE04EC0-301F-11D3-BF4B-00C04F79EFBC}") = "BankingSystem.Exception", "..\BankingSystem.Exception\BankingSystem.Exception.csproj", "{7E74AA9F-1E64-4391-AC9D-71D860C58569}"
EndProject
Global
	GlobalSection(SolutionConfigurationPlatforms) = preSolution
		Debug|Any CPU = Debug|Any CPU
		Release|Any CPU = Release|Any CPU
	EndGlobalSection
	GlobalSection(ProjectConfigurationPlatforms) = postSolution
		{869521FF-7434-48E5-822C-1B2897526B09}.Debug|Any CPU.ActiveCfg = Debug|Any CPU
		{869521FF-7434-48E5-822C-1B2897526B09}.Debug|Any CPU.Build.0 = Debug|Any CPU
		{869521FF-7434-48E5-822C-1B2897526B09}.Release|Any CPU.ActiveCfg = Release|Any CPU
		{869521FF-7434-48E5-822C-1B2897526B09}.Release|Any CPU.Build.0 = Release|Any CPU
		{6D87B5AB-D25F-4E3B-B9F3-AFCCAC4C778F}.Debug|Any CPU.ActiveCfg = Debug|Any CPU
		{6D87B5AB-D25F-4E3B-B9F3-AFCCAC4C778F}.Debug|Any CPU.Build.0 = Debug|Any CPU
		{6D87B5AB-D25F-4E3B-B9F3-AFCCAC4C778F}.Release|Any CPU.ActiveCfg = Release|Any CPU
		{6D87B5AB-D25F-4E3B-B9F3-AFCCAC4C778F}.Release|Any CPU.Build.0 = Release|Any CPU
		{D31456A2-1175-4BE0-B588-3E15DBAB4602}.Debug|Any CPU.ActiveCfg = Debug|Any CPU
		{D31456A2-1175-4BE0-B588-3E15DBAB4602}.Debug|Any CPU.Build.0 = Debug|Any CPU
		{D31456A2-1175-4BE0-B588-3E15DBAB4602}.Release|Any CPU.ActiveCfg = Release|Any CPU
		{D31456A2-1175-4BE0-B588-3E15DBAB4602}.Release|Any CPU.Build.0 = Release|Any CPU
		{40E5EB05-981E-4AB0-B609-AE54E6C0966B}.Debug|Any CPU.ActiveCfg = Debug|Any CPU
		{40E5EB05-981E-4AB0-B609-AE54E6C0966B}.Debug|Any CPU.Build.0 = Debug|Any CPU
		{40E5EB05-981E-4AB0-B609-AE54E6C0966B}.Release|Any CPU.ActiveCfg = Release|Any CPU
		{40E5EB05-981E-4AB0-B609-AE54E6C0966B}.Release|Any CPU.Build.0 = Release|Any CPU
		{7E74AA9F-1E64-4391-AC9D-71D860C58569}.Debug|Any CPU.ActiveCfg = Debug|Any CPU
		{7E74AA9F-1E64-4391-AC9D-71D860C58569}.Debug|Any CPU.Build.0 = Debug|Any CPU
		{7E74AA9F-1E64-4391-AC9D-71D860C58569}.Release|Any CPU.ActiveCfg = Release|Any CPU
		{7E74AA9F-1E64-4391-AC9D-71D860C58569}.Release|Any CPU.Build.0 = Release|Any CPU
	EndGlobalSection
	GlobalSection(SolutionProperties) = preSolution
		HideSolutionNode = FALSE
	EndGlobalSection
	GlobalSection(ExtensibilityGlobals) = postSolution
		SolutionGuid = {AE599B92-CCED-471F-91D6-997CA8B3CD13}
	EndGlobalSection
EndGlobal
